Microsoft Visual Studio Solution File, Format Version 12.00
# Visual Studio 2012
Project("{FAE04EC0-301F-11D3-BF4B-00C04F79EFBC}") = "SimpleMultiplayerExample", "SimpleMultiplayerExample.csproj", "{D9D41266-5AC6-4C45-9F49-2ABDC964F080}"
EndProject
Global
	GlobalSection(SolutionConfigurationPlatforms) = preSolution
	Debug|Any CPU = Debug|Any CPU
	ExportDebug|Any CPU = ExportDebug|Any CPU
	ExportRelease|Any CPU = ExportRelease|Any CPU
	EndGlobalSection
	GlobalSection(ProjectConfigurationPlatforms) = postSolution
		{D9D41266-5AC6-4C45-9F49-2ABDC964F080}.Debug|Any CPU.ActiveCfg = Debug|Any CPU
		{D9D41266-5AC6-4C45-9F49-2ABDC964F080}.Debug|Any CPU.Build.0 = Debug|Any CPU
		{D9D41266-5AC6-4C45-9F49-2ABDC964F080}.ExportDebug|Any CPU.ActiveCfg = ExportDebug|Any CPU
		{D9D41266-5AC6-4C45-9F49-2ABDC964F080}.ExportDebug|Any CPU.Build.0 = ExportDebug|Any CPU
		{D9D41266-5AC6-4C45-9F49-2ABDC964F080}.ExportRelease|Any CPU.ActiveCfg = ExportRelease|Any CPU
		{D9D41266-5AC6-4C45-9F49-2ABDC964F080}.ExportRelease|Any CPU.Build.0 = ExportRelease|Any CPU
	EndGlobalSection
EndGlobal
