Microsoft Visual Studio Solution File, Format Version 12.00
# Visual Studio 2012
Project("{FAE04EC0-301F-11D3-BF4B-00C04F79EFBC}") = "SteeringBehaviors", "SteeringBehaviors.csproj", "{34F06B2F-C7D5-43BE-B47F-54E866FC5FEE}"
EndProject
Global
	GlobalSection(SolutionConfigurationPlatforms) = preSolution
	Debug|Any CPU = Debug|Any CPU
	ExportDebug|Any CPU = ExportDebug|Any CPU
	ExportRelease|Any CPU = ExportRelease|Any CPU
	EndGlobalSection
	GlobalSection(ProjectConfigurationPlatforms) = postSolution
		{34F06B2F-C7D5-43BE-B47F-54E866FC5FEE}.Debug|Any CPU.ActiveCfg = Debug|Any CPU
		{34F06B2F-C7D5-43BE-B47F-54E866FC5FEE}.Debug|Any CPU.Build.0 = Debug|Any CPU
		{34F06B2F-C7D5-43BE-B47F-54E866FC5FEE}.ExportDebug|Any CPU.ActiveCfg = ExportDebug|Any CPU
		{34F06B2F-C7D5-43BE-B47F-54E866FC5FEE}.ExportDebug|Any CPU.Build.0 = ExportDebug|Any CPU
		{34F06B2F-C7D5-43BE-B47F-54E866FC5FEE}.ExportRelease|Any CPU.ActiveCfg = ExportRelease|Any CPU
		{34F06B2F-C7D5-43BE-B47F-54E866FC5FEE}.ExportRelease|Any CPU.Build.0 = ExportRelease|Any CPU
	EndGlobalSection
EndGlobal
